
Microsoft Visual Studio Solution File, Format Version 12.00
# Visual Studio Version 17
VisualStudioVersion = 17.7.34221.43
MinimumVisualStudioVersion = 10.0.40219.1
Project("{FAE04EC0-301F-11D3-BF4B-00C04F79EFBC}") = "TSAssignment2", "TSAssignment2\TSAssignment2.csproj", "{B88D8ED1-EC7C-486A-AAC1-5A1707E7B480}"
EndProject
Global
	GlobalSection(SolutionConfigurationPlatforms) = preSolution
		Debug|Any CPU = Debug|Any CPU
		Release|Any CPU = Release|Any CPU
	EndGlobalSection
	GlobalSection(ProjectConfigurationPlatforms) = postSolution
		{B88D8ED1-EC7C-486A-AAC1-5A1707E7B480}.Debug|Any CPU.ActiveCfg = Debug|Any CPU
		{B88D8ED1-EC7C-486A-AAC1-5A1707E7B480}.Debug|Any CPU.Build.0 = Debug|Any CPU
		{B88D8ED1-EC7C-486A-AAC1-5A1707E7B480}.Release|Any CPU.ActiveCfg = Release|Any CPU
		{B88D8ED1-EC7C-486A-AAC1-5A1707E7B480}.Release|Any CPU.Build.0 = Release|Any CPU
	EndGlobalSection
	GlobalSection(SolutionProperties) = preSolution
		HideSolutionNode = FALSE
	EndGlobalSection
	GlobalSection(ExtensibilityGlobals) = postSolution
		SolutionGuid = {8F679793-8252-4C91-924A-DB426AF10D53}
	EndGlobalSection
EndGlobal
